
Microsoft Visual Studio Solution File, Format Version 12.00
# Visual Studio 15
Project("{FAE04EC0-301F-11D3-BF4B-00C04F79EFBC}") = "PlayFab", "PlayFab.csproj", "{DE0C36E1-6449-4AB9-1D1B-3D594EEF7AF9}"
EndProject
Project("{FAE04EC0-301F-11D3-BF4B-00C04F79EFBC}") = "PhotonUnityNetworking.Demos", "PhotonUnityNetworking.Demos.csproj", "{60368D67-040E-06D1-2CC3-A00D3E303D9E}"
EndProject
Project("{FAE04EC0-301F-11D3-BF4B-00C04F79EFBC}") = "PhotonUnityNetworking.Utilities", "PhotonUnityNetworking.Utilities.csproj", "{42EDBDA3-E5AE-51C6-629D-D74C1A9340CF}"
EndProject
Project("{FAE04EC0-301F-11D3-BF4B-00C04F79EFBC}") = "PhotonChat", "PhotonChat.csproj", "{40DFBCFA-D41F-26CA-D203-4B64C317D488}"
EndProject
Project("{FAE04EC0-301F-11D3-BF4B-00C04F79EFBC}") = "Assembly-CSharp", "Assembly-CSharp.csproj", "{32D0602F-1E6F-084D-B2AD-E9FAF79A17F0}"
EndProject
Project("{FAE04EC0-301F-11D3-BF4B-00C04F79EFBC}") = "PhotonUnityNetworking", "PhotonUnityNetworking.csproj", "{E85DA085-3F80-77EC-DF5A-F09122E941E3}"
EndProject
Project("{FAE04EC0-301F-11D3-BF4B-00C04F79EFBC}") = "PhotonRealtime", "PhotonRealtime.csproj", "{1667B340-FC3D-FA59-0499-FA0EFB371745}"
EndProject
Project("{FAE04EC0-301F-11D3-BF4B-00C04F79EFBC}") = "PhotonWebSocket", "PhotonWebSocket.csproj", "{BA680843-96D3-BA51-182F-181ED1DB5C69}"
EndProject
Project("{FAE04EC0-301F-11D3-BF4B-00C04F79EFBC}") = "PlayFabEditorExtensions", "PlayFabEditorExtensions.csproj", "{2B142FB4-4828-5B36-F7B8-63694724938A}"
EndProject
Project("{FAE04EC0-301F-11D3-BF4B-00C04F79EFBC}") = "PhotonUnityNetworking.Editor", "PhotonUnityNetworking.Editor.csproj", "{2F22F923-E87C-D109-9978-BB456F5C5789}"
EndProject
Project("{FAE04EC0-301F-11D3-BF4B-00C04F79EFBC}") = "PunDemos.DemoHubEditor", "PunDemos.DemoHubEditor.csproj", "{3171AF22-2B32-92EE-9803-0E0EAA791EA3}"
EndProject
Project("{FAE04EC0-301F-11D3-BF4B-00C04F79EFBC}") = "PhotonUnityNetworking.Utilities.PhotonPlayer.Editor", "PhotonUnityNetworking.Utilities.PhotonPlayer.Editor.csproj", "{2AC13204-80D9-408A-3826-12A8EEEA69E6}"
EndProject
Project("{FAE04EC0-301F-11D3-BF4B-00C04F79EFBC}") = "PhotonUnityNetworking.Utilities.Culling.Editor", "PhotonUnityNetworking.Utilities.Culling.Editor.csproj", "{42758977-DCF1-9D8F-12F6-1159AA7352A4}"
EndProject
Project("{FAE04EC0-301F-11D3-BF4B-00C04F79EFBC}") = "PunDemos.DemoSlotcarEditor", "PunDemos.DemoSlotcarEditor.csproj", "{4E2F4F33-3D12-D34E-97C5-17CCDFD544C4}"
EndProject
Project("{FAE04EC0-301F-11D3-BF4B-00C04F79EFBC}") = "PlayFabSDKEditor", "PlayFabSDKEditor.csproj", "{DF2A1E0C-69B1-65DD-0419-54CCB8CF795E}"
EndProject
Global
	GlobalSection(SolutionConfigurationPlatforms) = preSolution
		Debug|Any CPU = Debug|Any CPU
		Release|Any CPU = Release|Any CPU
	EndGlobalSection
	GlobalSection(ProjectConfigurationPlatforms) = postSolution
		{DE0C36E1-6449-4AB9-1D1B-3D594EEF7AF9}.Debug|Any CPU.ActiveCfg = Debug|Any CPU
		{DE0C36E1-6449-4AB9-1D1B-3D594EEF7AF9}.Debug|Any CPU.Build.0 = Debug|Any CPU
		{DE0C36E1-6449-4AB9-1D1B-3D594EEF7AF9}.Release|Any CPU.ActiveCfg = Release|Any CPU
		{DE0C36E1-6449-4AB9-1D1B-3D594EEF7AF9}.Release|Any CPU.Build.0 = Release|Any CPU
		{60368D67-040E-06D1-2CC3-A00D3E303D9E}.Debug|Any CPU.ActiveCfg = Debug|Any CPU
		{60368D67-040E-06D1-2CC3-A00D3E303D9E}.Debug|Any CPU.Build.0 = Debug|Any CPU
		{60368D67-040E-06D1-2CC3-A00D3E303D9E}.Release|Any CPU.ActiveCfg = Release|Any CPU
		{60368D67-040E-06D1-2CC3-A00D3E303D9E}.Release|Any CPU.Build.0 = Release|Any CPU
		{42EDBDA3-E5AE-51C6-629D-D74C1A9340CF}.Debug|Any CPU.ActiveCfg = Debug|Any CPU
		{42EDBDA3-E5AE-51C6-629D-D74C1A9340CF}.Debug|Any CPU.Build.0 = Debug|Any CPU
		{42EDBDA3-E5AE-51C6-629D-D74C1A9340CF}.Release|Any CPU.ActiveCfg = Release|Any CPU
		{42EDBDA3-E5AE-51C6-629D-D74C1A9340CF}.Release|Any CPU.Build.0 = Release|Any CPU
		{40DFBCFA-D41F-26CA-D203-4B64C317D488}.Debug|Any CPU.ActiveCfg = Debug|Any CPU
		{40DFBCFA-D41F-26CA-D203-4B64C317D488}.Debug|Any CPU.Build.0 = Debug|Any CPU
		{40DFBCFA-D41F-26CA-D203-4B64C317D488}.Release|Any CPU.ActiveCfg = Release|Any CPU
		{40DFBCFA-D41F-26CA-D203-4B64C317D488}.Release|Any CPU.Build.0 = Release|Any CPU
		{32D0602F-1E6F-084D-B2AD-E9FAF79A17F0}.Debug|Any CPU.ActiveCfg = Debug|Any CPU
		{32D0602F-1E6F-084D-B2AD-E9FAF79A17F0}.Debug|Any CPU.Build.0 = Debug|Any CPU
		{32D0602F-1E6F-084D-B2AD-E9FAF79A17F0}.Release|Any CPU.ActiveCfg = Release|Any CPU
		{32D0602F-1E6F-084D-B2AD-E9FAF79A17F0}.Release|Any CPU.Build.0 = Release|Any CPU
		{E85DA085-3F80-77EC-DF5A-F09122E941E3}.Debug|Any CPU.ActiveCfg = Debug|Any CPU
		{E85DA085-3F80-77EC-DF5A-F09122E941E3}.Debug|Any CPU.Build.0 = Debug|Any CPU
		{E85DA085-3F80-77EC-DF5A-F09122E941E3}.Release|Any CPU.ActiveCfg = Release|Any CPU
		{E85DA085-3F80-77EC-DF5A-F09122E941E3}.Release|Any CPU.Build.0 = Release|Any CPU
		{1667B340-FC3D-FA59-0499-FA0EFB371745}.Debug|Any CPU.ActiveCfg = Debug|Any CPU
		{1667B340-FC3D-FA59-0499-FA0EFB371745}.Debug|Any CPU.Build.0 = Debug|Any CPU
		{1667B340-FC3D-FA59-0499-FA0EFB371745}.Release|Any CPU.ActiveCfg = Release|Any CPU
		{1667B340-FC3D-FA59-0499-FA0EFB371745}.Release|Any CPU.Build.0 = Release|Any CPU
		{BA680843-96D3-BA51-182F-181ED1DB5C69}.Debug|Any CPU.ActiveCfg = Debug|Any CPU
		{BA680843-96D3-BA51-182F-181ED1DB5C69}.Debug|Any CPU.Build.0 = Debug|Any CPU
		{BA680843-96D3-BA51-182F-181ED1DB5C69}.Release|Any CPU.ActiveCfg = Release|Any CPU
		{BA680843-96D3-BA51-182F-181ED1DB5C69}.Release|Any CPU.Build.0 = Release|Any CPU
		{2B142FB4-4828-5B36-F7B8-63694724938A}.Debug|Any CPU.ActiveCfg = Debug|Any CPU
		{2B142FB4-4828-5B36-F7B8-63694724938A}.Debug|Any CPU.Build.0 = Debug|Any CPU
		{2B142FB4-4828-5B36-F7B8-63694724938A}.Release|Any CPU.ActiveCfg = Release|Any CPU
		{2B142FB4-4828-5B36-F7B8-63694724938A}.Release|Any CPU.Build.0 = Release|Any CPU
		{2F22F923-E87C-D109-9978-BB456F5C5789}.Debug|Any CPU.ActiveCfg = Debug|Any CPU
		{2F22F923-E87C-D109-9978-BB456F5C5789}.Debug|Any CPU.Build.0 = Debug|Any CPU
		{2F22F923-E87C-D109-9978-BB456F5C5789}.Release|Any CPU.ActiveCfg = Release|Any CPU
		{2F22F923-E87C-D109-9978-BB456F5C5789}.Release|Any CPU.Build.0 = Release|Any CPU
		{3171AF22-2B32-92EE-9803-0E0EAA791EA3}.Debug|Any CPU.ActiveCfg = Debug|Any CPU
		{3171AF22-2B32-92EE-9803-0E0EAA791EA3}.Debug|Any CPU.Build.0 = Debug|Any CPU
		{3171AF22-2B32-92EE-9803-0E0EAA791EA3}.Release|Any CPU.ActiveCfg = Release|Any CPU
		{3171AF22-2B32-92EE-9803-0E0EAA791EA3}.Release|Any CPU.Build.0 = Release|Any CPU
		{2AC13204-80D9-408A-3826-12A8EEEA69E6}.Debug|Any CPU.ActiveCfg = Debug|Any CPU
		{2AC13204-80D9-408A-3826-12A8EEEA69E6}.Debug|Any CPU.Build.0 = Debug|Any CPU
		{2AC13204-80D9-408A-3826-12A8EEEA69E6}.Release|Any CPU.ActiveCfg = Release|Any CPU
		{2AC13204-80D9-408A-3826-12A8EEEA69E6}.Release|Any CPU.Build.0 = Release|Any CPU
		{42758977-DCF1-9D8F-12F6-1159AA7352A4}.Debug|Any CPU.ActiveCfg = Debug|Any CPU
		{42758977-DCF1-9D8F-12F6-1159AA7352A4}.Debug|Any CPU.Build.0 = Debug|Any CPU
		{42758977-DCF1-9D8F-12F6-1159AA7352A4}.Release|Any CPU.ActiveCfg = Release|Any CPU
		{42758977-DCF1-9D8F-12F6-1159AA7352A4}.Release|Any CPU.Build.0 = Release|Any CPU
		{4E2F4F33-3D12-D34E-97C5-17CCDFD544C4}.Debug|Any CPU.ActiveCfg = Debug|Any CPU
		{4E2F4F33-3D12-D34E-97C5-17CCDFD544C4}.Debug|Any CPU.Build.0 = Debug|Any CPU
		{4E2F4F33-3D12-D34E-97C5-17CCDFD544C4}.Release|Any CPU.ActiveCfg = Release|Any CPU
		{4E2F4F33-3D12-D34E-97C5-17CCDFD544C4}.Release|Any CPU.Build.0 = Release|Any CPU
		{DF2A1E0C-69B1-65DD-0419-54CCB8CF795E}.Debug|Any CPU.ActiveCfg = Debug|Any CPU
		{DF2A1E0C-69B1-65DD-0419-54CCB8CF795E}.Debug|Any CPU.Build.0 = Debug|Any CPU
		{DF2A1E0C-69B1-65DD-0419-54CCB8CF795E}.Release|Any CPU.ActiveCfg = Release|Any CPU
		{DF2A1E0C-69B1-65DD-0419-54CCB8CF795E}.Release|Any CPU.Build.0 = Release|Any CPU
	EndGlobalSection
	GlobalSection(SolutionProperties) = preSolution
		HideSolutionNode = FALSE
	EndGlobalSection
EndGlobal
